
Microsoft Visual Studio Solution File, Format Version 12.00
# Visual Studio 15
VisualStudioVersion = 15.0.28307.271
MinimumVisualStudioVersion = 10.0.40219.1
Project("{FAE04EC0-301F-11D3-BF4B-00C04F79EFBC}") = "MegaDesk-4", "MegaDesk\MegaDesk-4.csproj", "{F5DCAAAD-6094-4057-B531-D1814845DBBE}"
EndProject
Global
	GlobalSection(SolutionConfigurationPlatforms) = preSolution
		Debug|Any CPU = Debug|Any CPU
		Release|Any CPU = Release|Any CPU
	EndGlobalSection
	GlobalSection(ProjectConfigurationPlatforms) = postSolution
		{F5DCAAAD-6094-4057-B531-D1814845DBBE}.Debug|Any CPU.ActiveCfg = Debug|Any CPU
		{F5DCAAAD-6094-4057-B531-D1814845DBBE}.Debug|Any CPU.Build.0 = Debug|Any CPU
		{F5DCAAAD-6094-4057-B531-D1814845DBBE}.Release|Any CPU.ActiveCfg = Release|Any CPU
		{F5DCAAAD-6094-4057-B531-D1814845DBBE}.Release|Any CPU.Build.0 = Release|Any CPU
	EndGlobalSection
	GlobalSection(SolutionProperties) = preSolution
		HideSolutionNode = FALSE
	EndGlobalSection
	GlobalSection(ExtensibilityGlobals) = postSolution
		SolutionGuid = {5D3E5F4A-A138-4066-AD80-1316892655AD}
	EndGlobalSection
EndGlobal
